
Microsoft Visual Studio Solution File, Format Version 12.00
# Visual Studio 15
Project("{FAE04EC0-301F-11D3-BF4B-00C04F79EFBC}") = "Assembly-CSharp", "Assembly-CSharp.csproj", "{B7601AEC-BBF1-4CCC-43F4-88938223F533}"
EndProject
Project("{FAE04EC0-301F-11D3-BF4B-00C04F79EFBC}") = "Assembly-CSharp-Editor", "Assembly-CSharp-Editor.csproj", "{DE57E285-026E-D80E-D639-4C95711A0162}"
EndProject
Global
	GlobalSection(SolutionConfigurationPlatforms) = preSolution
		Debug|Any CPU = Debug|Any CPU
		Release|Any CPU = Release|Any CPU
	EndGlobalSection
	GlobalSection(ProjectConfigurationPlatforms) = postSolution
		{B7601AEC-BBF1-4CCC-43F4-88938223F533}.Debug|Any CPU.ActiveCfg = Debug|Any CPU
		{B7601AEC-BBF1-4CCC-43F4-88938223F533}.Debug|Any CPU.Build.0 = Debug|Any CPU
		{B7601AEC-BBF1-4CCC-43F4-88938223F533}.Release|Any CPU.ActiveCfg = Release|Any CPU
		{B7601AEC-BBF1-4CCC-43F4-88938223F533}.Release|Any CPU.Build.0 = Release|Any CPU
		{DE57E285-026E-D80E-D639-4C95711A0162}.Debug|Any CPU.ActiveCfg = Debug|Any CPU
		{DE57E285-026E-D80E-D639-4C95711A0162}.Debug|Any CPU.Build.0 = Debug|Any CPU
		{DE57E285-026E-D80E-D639-4C95711A0162}.Release|Any CPU.ActiveCfg = Release|Any CPU
		{DE57E285-026E-D80E-D639-4C95711A0162}.Release|Any CPU.Build.0 = Release|Any CPU
	EndGlobalSection
	GlobalSection(SolutionProperties) = preSolution
		HideSolutionNode = FALSE
	EndGlobalSection
EndGlobal
