// !$*UTF8*$!
{
	archiveVersion = 1;
	classes = {
	};
	objectVersion = 77;
	objects = {

/* Begin PBXContainerItemProxy section */
		AB7D3CD22DCA68F900FA64A6 /* PBXContainerItemProxy */ = {
			isa = PBXContainerItemProxy;
			containerPortal = AB7D3CBC2DCA68F700FA64A6 /* Project object */;
			proxyType = 1;
			remoteGlobalIDString = AB7D3CC32DCA68F700FA64A6;
			remoteInfo = TreeLightsMobile;
		};
		AB7D3CDC2DCA68F900FA64A6 /* PBXContainerItemProxy */ = {
			isa = PBXContainerItemProxy;
			containerPortal = AB7D3CBC2DCA68F700FA64A6 /* Project object */;
			proxyType = 1;
			remoteGlobalIDString = AB7D3CC32DCA68F700FA64A6;
			remoteInfo = TreeLightsMobile;
		};
/* End PBXContainerItemProxy section */

/* Begin PBXFileReference section */
		AB7D3CC42DCA68F700FA64A6 /* TreeLightsMobile.app */ = {isa = PBXFileReference; explicitFileType = wrapper.application; includeInIndex = 0; path = TreeLightsMobile.app; sourceTree = BUILT_PRODUCTS_DIR; };
		AB7D3CD12DCA68F900FA64A6 /* TreeLightsMobileTests.xctest */ = {isa = PBXFileReference; explicitFileType = wrapper.cfbundle; includeInIndex = 0; path = TreeLightsMobileTests.xctest; sourceTree = BUILT_PRODUCTS_DIR; };
		AB7D3CDB2DCA68F900FA64A6 /* TreeLightsMobileUITests.xctest */ = {isa = PBXFileReference; explicitFileType = wrapper.cfbundle; includeInIndex = 0; path = TreeLightsMobileUITests.xctest; sourceTree = BUILT_PRODUCTS_DIR; };
/* End PBXFileReference section */

/* Begin PBXFileSystemSynchronizedRootGroup section */
		AB7D3CC62DCA68F700FA64A6 /* TreeLightsMobile */ = {
			isa = PBXFileSystemSynchronizedRootGroup;
			path = TreeLightsMobile;
			sourceTree = "<group>";
		};
		AB7D3CD42DCA68F900FA64A6 /* TreeLightsMobileTests */ = {
			isa = PBXFileSystemSynchronizedRootGroup;
			path = TreeLightsMobileTests;
			sourceTree = "<group>";
		};
		AB7D3CDE2DCA68F900FA64A6 /* TreeLightsMobileUITests */ = {
			isa = PBXFileSystemSynchronizedRootGroup;
			path = TreeLightsMobileUITests;
			sourceTree = "<group>";
		};
/* End PBXFileSystemSynchronizedRootGroup section */

/* Begin PBXFrameworksBuildPhase section */
		AB7D3CC12DCA68F700FA64A6 /* Frameworks */ = {
			isa = PBXFrameworksBuildPhase;
			buildActionMask = 2147483647;
			files = (
			);
			runOnlyForDeploymentPostprocessing = 0;
		};
		AB7D3CCE2DCA68F900FA64A6 /* Frameworks */ = {
			isa = PBXFrameworksBuildPhase;
			buildActionMask = 2147483647;
			files = (
			);
			runOnlyForDeploymentPostprocessing = 0;
		};
		AB7D3CD82DCA68F900FA64A6 /* Frameworks */ = {
			isa = PBXFrameworksBuildPhase;
			buildActionMask = 2147483647;
			files = (
			);
			runOnlyForDeploymentPostprocessing = 0;
		};
/* End PBXFrameworksBuildPhase section */

/* Begin PBXGroup section */
		AB7D3CBB2DCA68F700FA64A6 = {
			isa = PBXGroup;
			children = (
				AB7D3CC62DCA68F700FA64A6 /* TreeLightsMobile */,
				AB7D3CD42DCA68F900FA64A6 /* TreeLightsMobileTests */,
				AB7D3CDE2DCA68F900FA64A6 /* TreeLightsMobileUITests */,
				AB7D3CC52DCA68F700FA64A6 /* Products */,
			);
			sourceTree = "<group>";
		};
		AB7D3CC52DCA68F700FA64A6 /* Products */ = {
			isa = PBXGroup;
			children = (
				AB7D3CC42DCA68F700FA64A6 /* TreeLightsMobile.app */,
				AB7D3CD12DCA68F900FA64A6 /* TreeLightsMobileTests.xctest */,
				AB7D3CDB2DCA68F900FA64A6 /* TreeLightsMobileUITests.xctest */,
			);
			name = Products;
			sourceTree = "<group>";
		};
/* End PBXGroup section */

/* Begin PBXNativeTarget section */
		AB7D3CC32DCA68F700FA64A6 /* TreeLightsMobile */ = {
			isa = PBXNativeTarget;
			buildConfigurationList = AB7D3CE52DCA68F900FA64A6 /* Build configuration list for PBXNativeTarget "TreeLightsMobile" */;
			buildPhases = (
				AB7D3CC02DCA68F700FA64A6 /* Sources */,
				AB7D3CC12DCA68F700FA64A6 /* Frameworks */,
				AB7D3CC22DCA68F700FA64A6 /* Resources */,
			);
			buildRules = (
			);
			dependencies = (
			);
			fileSystemSynchronizedGroups = (
				AB7D3CC62DCA68F700FA64A6 /* TreeLightsMobile */,
			);
			name = TreeLightsMobile;
			packageProductDependencies = (
			);
			productName = TreeLightsMobile;
			productReference = AB7D3CC42DCA68F700FA64A6 /* TreeLightsMobile.app */;
			productType = "com.apple.product-type.application";
		};
		AB7D3CD02DCA68F900FA64A6 /* TreeLightsMobileTests */ = {
			isa = PBXNativeTarget;
			buildConfigurationList = AB7D3CE82DCA68F900FA64A6 /* Build configuration list for PBXNativeTarget "TreeLightsMobileTests" */;
			buildPhases = (
				AB7D3CCD2DCA68F900FA64A6 /* Sources */,
				AB7D3CCE2DCA68F900FA64A6 /* Frameworks */,
				AB7D3CCF2DCA68F900FA64A6 /* Resources */,
			);
			buildRules = (
			);
			dependencies = (
				AB7D3CD32DCA68F900FA64A6 /* PBXTargetDependency */,
			);
			fileSystemSynchronizedGroups = (
				AB7D3CD42DCA68F900FA64A6 /* TreeLightsMobileTests */,
			);
			name = TreeLightsMobileTests;
			packageProductDependencies = (
			);
			productName = TreeLightsMobileTests;
			productReference = AB7D3CD12DCA68F900FA64A6 /* TreeLightsMobileTests.xctest */;
			productType = "com.apple.product-type.bundle.unit-test";
		};
		AB7D3CDA2DCA68F900FA64A6 /* TreeLightsMobileUITests */ = {
			isa = PBXNativeTarget;
			buildConfigurationList = AB7D3CEB2DCA68F900FA64A6 /* Build configuration list for PBXNativeTarget "TreeLightsMobileUITests" */;
			buildPhases = (
				AB7D3CD72DCA68F900FA64A6 /* Sources */,
				AB7D3CD82DCA68F900FA64A6 /* Frameworks */,
				AB7D3CD92DCA68F900FA64A6 /* Resources */,
			);
			buildRules = (
			);
			dependencies = (
				AB7D3CDD2DCA68F900FA64A6 /* PBXTargetDependency */,
			);
			fileSystemSynchronizedGroups = (
				AB7D3CDE2DCA68F900FA64A6 /* TreeLightsMobileUITests */,
			);
			name = TreeLightsMobileUITests;
			packageProductDependencies = (
			);
			productName = TreeLightsMobileUITests;
			productReference = AB7D3CDB2DCA68F900FA64A6 /* TreeLightsMobileUITests.xctest */;
			productType = "com.apple.product-type.bundle.ui-testing";
		};
/* End PBXNativeTarget section */

/* Begin PBXProject section */
		AB7D3CBC2DCA68F700FA64A6 /* Project object */ = {
			isa = PBXProject;
			attributes = {
				BuildIndependentTargetsInParallel = 1;
				LastSwiftUpdateCheck = 1630;
				LastUpgradeCheck = 1630;
				TargetAttributes = {
					AB7D3CC32DCA68F700FA64A6 = {
						CreatedOnToolsVersion = 16.3;
					};
					AB7D3CD02DCA68F900FA64A6 = {
						CreatedOnToolsVersion = 16.3;
						TestTargetID = AB7D3CC32DCA68F700FA64A6;
					};
					AB7D3CDA2DCA68F900FA64A6 = {
						CreatedOnToolsVersion = 16.3;
						TestTargetID = AB7D3CC32DCA68F700FA64A6;
					};
				};
			};
			buildConfigurationList = AB7D3CBF2DCA68F700FA64A6 /* Build configuration list for PBXProject "TreeLightsMobile" */;
			developmentRegion = en;
			hasScannedForEncodings = 0;
			knownRegions = (
				en,
				Base,
			);
			mainGroup = AB7D3CBB2DCA68F700FA64A6;
			minimizedProjectReferenceProxies = 1;
			preferredProjectObjectVersion = 77;
			productRefGroup = AB7D3CC52DCA68F700FA64A6 /* Products */;
			projectDirPath = "";
			projectRoot = "";
			targets = (
				AB7D3CC32DCA68F700FA64A6 /* TreeLightsMobile */,
				AB7D3CD02DCA68F900FA64A6 /* TreeLightsMobileTests */,
				AB7D3CDA2DCA68F900FA64A6 /* TreeLightsMobileUITests */,
			);
		};
/* End PBXProject section */

/* Begin PBXResourcesBuildPhase section */
		AB7D3CC22DCA68F700FA64A6 /* Resources */ = {
			isa = PBXResourcesBuildPhase;
			buildActionMask = 2147483647;
			files = (
			);
			runOnlyForDeploymentPostprocessing = 0;
		};
		AB7D3CCF2DCA68F900FA64A6 /* Resources */ = {
			isa = PBXResourcesBuildPhase;
			buildActionMask = 2147483647;
			files = (
			);
			runOnlyForDeploymentPostprocessing = 0;
		};
		AB7D3CD92DCA68F900FA64A6 /* Resources */ = {
			isa = PBXResourcesBuildPhase;
			buildActionMask = 2147483647;
			files = (
			);
			runOnlyForDeploymentPostprocessing = 0;
		};
/* End PBXResourcesBuildPhase section */

/* Begin PBXSourcesBuildPhase section */
		AB7D3CC02DCA68F700FA64A6 /* Sources */ = {
			isa = PBXSourcesBuildPhase;
			buildActionMask = 2147483647;
			files = (
			);
			runOnlyForDeploymentPostprocessing = 0;
		};
		AB7D3CCD2DCA68F900FA64A6 /* Sources */ = {
			isa = PBXSourcesBuildPhase;
			buildActionMask = 2147483647;
			files = (
			);
			runOnlyForDeploymentPostprocessing = 0;
		};
		AB7D3CD72DCA68F900FA64A6 /* Sources */ = {
			isa = PBXSourcesBuildPhase;
			buildActionMask = 2147483647;
			files = (
			);
			runOnlyForDeploymentPostprocessing = 0;
		};
/* End PBXSourcesBuildPhase section */

/* Begin PBXTargetDependency section */
		AB7D3CD32DCA68F900FA64A6 /* PBXTargetDependency */ = {
			isa = PBXTargetDependency;
			target = AB7D3CC32DCA68F700FA64A6 /* TreeLightsMobile */;
			targetProxy = AB7D3CD22DCA68F900FA64A6 /* PBXContainerItemProxy */;
		};
		AB7D3CDD2DCA68F900FA64A6 /* PBXTargetDependency */ = {
			isa = PBXTargetDependency;
			target = AB7D3CC32DCA68F700FA64A6 /* TreeLightsMobile */;
			targetProxy = AB7D3CDC2DCA68F900FA64A6 /* PBXContainerItemProxy */;
		};
/* End PBXTargetDependency section */

/* Begin XCBuildConfiguration section */
		AB7D3CE32DCA68F900FA64A6 /* Debug */ = {
			isa = XCBuildConfiguration;
			buildSettings = {
				ALWAYS_SEARCH_USER_PATHS = NO;
				ASSETCATALOG_COMPILER_GENERATE_SWIFT_ASSET_SYMBOL_EXTENSIONS = YES;
				CLANG_ANALYZER_NONNULL = YES;
				CLANG_ANALYZER_NUMBER_OBJECT_CONVERSION = YES_AGGRESSIVE;
				CLANG_CXX_LANGUAGE_STANDARD = "gnu++20";
				CLANG_ENABLE_MODULES = YES;
				CLANG_ENABLE_OBJC_ARC = YES;
				CLANG_ENABLE_OBJC_WEAK = YES;
				CLANG_WARN_BLOCK_CAPTURE_AUTORELEASING = YES;
				CLANG_WARN_BOOL_CONVERSION = YES;
				CLANG_WARN_COMMA = YES;
				CLANG_WARN_CONSTANT_CONVERSION = YES;
				CLANG_WARN_DEPRECATED_OBJC_IMPLEMENTATIONS = YES;
				CLANG_WARN_DIRECT_OBJC_ISA_USAGE = YES_ERROR;
				CLANG_WARN_DOCUMENTATION_COMMENTS = YES;
				CLANG_WARN_EMPTY_BODY = YES;
				CLANG_WARN_ENUM_CONVERSION = YES;
				CLANG_WARN_INFINITE_RECURSION = YES;
				CLANG_WARN_INT_CONVERSION = YES;
				CLANG_WARN_NON_LITERAL_NULL_CONVERSION = YES;
				CLANG_WARN_OBJC_IMPLICIT_RETAIN_SELF = YES;
				CLANG_WARN_OBJC_LITERAL_CONVERSION = YES;
				CLANG_WARN_OBJC_ROOT_CLASS = YES_ERROR;
				CLANG_WARN_QUOTED_INCLUDE_IN_FRAMEWORK_HEADER = YES;
				CLANG_WARN_RANGE_LOOP_ANALYSIS = YES;
				CLANG_WARN_STRICT_PROTOTYPES = YES;
				CLANG_WARN_SUSPICIOUS_MOVE = YES;
				CLANG_WARN_UNGUARDED_AVAILABILITY = YES_AGGRESSIVE;
				CLANG_WARN_UNREACHABLE_CODE = YES;
				CLANG_WARN__DUPLICATE_METHOD_MATCH = YES;
				COPY_PHASE_STRIP = NO;
				DEBUG_INFORMATION_FORMAT = dwarf;
				DEVELOPMENT_TEAM = FWP5U4B3MT;
				ENABLE_STRICT_OBJC_MSGSEND = YES;
				ENABLE_TESTABILITY = YES;
				ENABLE_USER_SCRIPT_SANDBOXING = YES;
				GCC_C_LANGUAGE_STANDARD = gnu17;
				GCC_DYNAMIC_NO_PIC = NO;
				GCC_NO_COMMON_BLOCKS = YES;
				GCC_OPTIMIZATION_LEVEL = 0;
				GCC_PREPROCESSOR_DEFINITIONS = (
					"DEBUG=1",
					"$(inherited)",
				);
				GCC_WARN_64_TO_32_BIT_CONVERSION = YES;
				GCC_WARN_ABOUT_RETURN_TYPE = YES_ERROR;
				GCC_WARN_UNDECLARED_SELECTOR = YES;
				GCC_WARN_UNINITIALIZED_AUTOS = YES_AGGRESSIVE;
				GCC_WARN_UNUSED_FUNCTION = YES;
				GCC_WARN_UNUSED_VARIABLE = YES;
				IPHONEOS_DEPLOYMENT_TARGET = 18.4;
				LOCALIZATION_PREFERS_STRING_CATALOGS = YES;
				MTL_ENABLE_DEBUG_INFO = INCLUDE_SOURCE;
				MTL_FAST_MATH = YES;
				ONLY_ACTIVE_ARCH = YES;
				SDKROOT = iphoneos;
				SWIFT_ACTIVE_COMPILATION_CONDITIONS = "DEBUG $(inherited)";
				SWIFT_OPTIMIZATION_LEVEL = "-Onone";
			};
			name = Debug;
		};
		AB7D3CE42DCA68F900FA64A6 /* Release */ = {
			isa = XCBuildConfiguration;
			buildSettings = {
				ALWAYS_SEARCH_USER_PATHS = NO;
				ASSETCATALOG_COMPILER_GENERATE_SWIFT_ASSET_SYMBOL_EXTENSIONS = YES;
				CLANG_ANALYZER_NONNULL = YES;
				CLANG_ANALYZER_NUMBER_OBJECT_CONVERSION = YES_AGGRESSIVE;
				CLANG_CXX_LANGUAGE_STANDARD = "gnu++20";
				CLANG_ENABLE_MODULES = YES;
				CLANG_ENABLE_OBJC_ARC = YES;
				CLANG_ENABLE_OBJC_WEAK = YES;
				CLANG_WARN_BLOCK_CAPTURE_AUTORELEASING = YES;
				CLANG_WARN_BOOL_CONVERSION = YES;
				CLANG_WARN_COMMA = YES;
				CLANG_WARN_CONSTANT_CONVERSION = YES;
				CLANG_WARN_DEPRECATED_OBJC_IMPLEMENTATIONS = YES;
				CLANG_WARN_DIRECT_OBJC_ISA_USAGE = YES_ERROR;
				CLANG_WARN_DOCUMENTATION_COMMENTS = YES;
				CLANG_WARN_EMPTY_BODY = YES;
				CLANG_WARN_ENUM_CONVERSION = YES;
				CLANG_WARN_INFINITE_RECURSION = YES;
				CLANG_WARN_INT_CONVERSION = YES;
				CLANG_WARN_NON_LITERAL_NULL_CONVERSION = YES;
				CLANG_WARN_OBJC_IMPLICIT_RETAIN_SELF = YES;
				CLANG_WARN_OBJC_LITERAL_CONVERSION = YES;
				CLANG_WARN_OBJC_ROOT_CLASS = YES_ERROR;
				CLANG_WARN_QUOTED_INCLUDE_IN_FRAMEWORK_HEADER = YES;
				CLANG_WARN_RANGE_LOOP_ANALYSIS = YES;
				CLANG_WARN_STRICT_PROTOTYPES = YES;
				CLANG_WARN_SUSPICIOUS_MOVE = YES;
				CLANG_WARN_UNGUARDED_AVAILABILITY = YES_AGGRESSIVE;
				CLANG_WARN_UNREACHABLE_CODE = YES;
				CLANG_WARN__DUPLICATE_METHOD_MATCH = YES;
				COPY_PHASE_STRIP = NO;
				DEBUG_INFORMATION_FORMAT = "dwarf-with-dsym";
				DEVELOPMENT_TEAM = FWP5U4B3MT;
				ENABLE_NS_ASSERTIONS = NO;
				ENABLE_STRICT_OBJC_MSGSEND = YES;
				ENABLE_USER_SCRIPT_SANDBOXING = YES;
				GCC_C_LANGUAGE_STANDARD = gnu17;
				GCC_NO_COMMON_BLOCKS = YES;
				GCC_WARN_64_TO_32_BIT_CONVERSION = YES;
				GCC_WARN_ABOUT_RETURN_TYPE = YES_ERROR;
				GCC_WARN_UNDECLARED_SELECTOR = YES;
				GCC_WARN_UNINITIALIZED_AUTOS = YES_AGGRESSIVE;
				GCC_WARN_UNUSED_FUNCTION = YES;
				GCC_WARN_UNUSED_VARIABLE = YES;
				IPHONEOS_DEPLOYMENT_TARGET = 18.4;
				LOCALIZATION_PREFERS_STRING_CATALOGS = YES;
				MTL_ENABLE_DEBUG_INFO = NO;
				MTL_FAST_MATH = YES;
				SDKROOT = iphoneos;
				SWIFT_COMPILATION_MODE = wholemodule;
				VALIDATE_PRODUCT = YES;
			};
			name = Release;
		};
		AB7D3CE62DCA68F900FA64A6 /* Debug */ = {
			isa = XCBuildConfiguration;
			buildSettings = {
				ASSETCATALOG_COMPILER_APPICON_NAME = AppIcon;
				ASSETCATALOG_COMPILER_GLOBAL_ACCENT_COLOR_NAME = AccentColor;
				CODE_SIGN_STYLE = Automatic;
				CURRENT_PROJECT_VERSION = 1;
				DEVELOPMENT_TEAM = FWP5U4B3MT;
				ENABLE_PREVIEWS = YES;
				GENERATE_INFOPLIST_FILE = YES;
				INFOPLIST_KEY_UIApplicationSceneManifest_Generation = YES;
				INFOPLIST_KEY_UIApplicationSupportsIndirectInputEvents = YES;
				INFOPLIST_KEY_UILaunchScreen_Generation = YES;
				INFOPLIST_KEY_UISupportedInterfaceOrientations_iPad = "UIInterfaceOrientationPortrait UIInterfaceOrientationPortraitUpsideDown UIInterfaceOrientationLandscapeLeft UIInterfaceOrientationLandscapeRight";
				INFOPLIST_KEY_UISupportedInterfaceOrientations_iPhone = "UIInterfaceOrientationPortrait UIInterfaceOrientationLandscapeLeft UIInterfaceOrientationLandscapeRight";
				LD_RUNPATH_SEARCH_PATHS = (
					"$(inherited)",
					"@executable_path/Frameworks",
				);
				MARKETING_VERSION = 1.0;
				PRODUCT_BUNDLE_IDENTIFIER = com.dwgsoftware.TreeLightsMobile;
				PRODUCT_NAME = "$(TARGET_NAME)";
				SWIFT_EMIT_LOC_STRINGS = YES;
				SWIFT_VERSION = 5.0;
				TARGETED_DEVICE_FAMILY = "1,2";
			};
			name = Debug;
		};
		AB7D3CE72DCA68F900FA64A6 /* Release */ = {
			isa = XCBuildConfiguration;
			buildSettings = {
				ASSETCATALOG_COMPILER_APPICON_NAME = AppIcon;
				ASSETCATALOG_COMPILER_GLOBAL_ACCENT_COLOR_NAME = AccentColor;
				CODE_SIGN_STYLE = Automatic;
				CURRENT_PROJECT_VERSION = 1;
				DEVELOPMENT_TEAM = FWP5U4B3MT;
				ENABLE_PREVIEWS = YES;
				GENERATE_INFOPLIST_FILE = YES;
				INFOPLIST_KEY_UIApplicationSceneManifest_Generation = YES;
				INFOPLIST_KEY_UIApplicationSupportsIndirectInputEvents = YES;
				INFOPLIST_KEY_UILaunchScreen_Generation = YES;
				INFOPLIST_KEY_UISupportedInterfaceOrientations_iPad = "UIInterfaceOrientationPortrait UIInterfaceOrientationPortraitUpsideDown UIInterfaceOrientationLandscapeLeft UIInterfaceOrientationLandscapeRight";
				INFOPLIST_KEY_UISupportedInterfaceOrientations_iPhone = "UIInterfaceOrientationPortrait UIInterfaceOrientationLandscapeLeft UIInterfaceOrientationLandscapeRight";
				LD_RUNPATH_SEARCH_PATHS = (
					"$(inherited)",
					"@executable_path/Frameworks",
				);
				MARKETING_VERSION = 1.0;
				PRODUCT_BUNDLE_IDENTIFIER = com.dwgsoftware.TreeLightsMobile;
				PRODUCT_NAME = "$(TARGET_NAME)";
				SWIFT_EMIT_LOC_STRINGS = YES;
				SWIFT_VERSION = 5.0;
				TARGETED_DEVICE_FAMILY = "1,2";
			};
			name = Release;
		};
		AB7D3CE92DCA68F900FA64A6 /* Debug */ = {
			isa = XCBuildConfiguration;
			buildSettings = {
				BUNDLE_LOADER = "$(TEST_HOST)";
				CODE_SIGN_STYLE = Automatic;
				CURRENT_PROJECT_VERSION = 1;
				DEVELOPMENT_TEAM = FWP5U4B3MT;
				GENERATE_INFOPLIST_FILE = YES;
				IPHONEOS_DEPLOYMENT_TARGET = 18.4;
				MARKETING_VERSION = 1.0;
				PRODUCT_BUNDLE_IDENTIFIER = com.dwgsoftware.TreeLightsMobileTests;
				PRODUCT_NAME = "$(TARGET_NAME)";
				SWIFT_EMIT_LOC_STRINGS = NO;
				SWIFT_VERSION = 5.0;
				TARGETED_DEVICE_FAMILY = "1,2";
				TEST_HOST = "$(BUILT_PRODUCTS_DIR)/TreeLightsMobile.app/$(BUNDLE_EXECUTABLE_FOLDER_PATH)/TreeLightsMobile";
			};
			name = Debug;
		};
		AB7D3CEA2DCA68F900FA64A6 /* Release */ = {
			isa = XCBuildConfiguration;
			buildSettings = {
				BUNDLE_LOADER = "$(TEST_HOST)";
				CODE_SIGN_STYLE = Automatic;
				CURRENT_PROJECT_VERSION = 1;
				DEVELOPMENT_TEAM = FWP5U4B3MT;
				GENERATE_INFOPLIST_FILE = YES;
				IPHONEOS_DEPLOYMENT_TARGET = 18.4;
				MARKETING_VERSION = 1.0;
				PRODUCT_BUNDLE_IDENTIFIER = com.dwgsoftware.TreeLightsMobileTests;
				PRODUCT_NAME = "$(TARGET_NAME)";
				SWIFT_EMIT_LOC_STRINGS = NO;
				SWIFT_VERSION = 5.0;
				TARGETED_DEVICE_FAMILY = "1,2";
				TEST_HOST = "$(BUILT_PRODUCTS_DIR)/TreeLightsMobile.app/$(BUNDLE_EXECUTABLE_FOLDER_PATH)/TreeLightsMobile";
			};
			name = Release;
		};
		AB7D3CEC2DCA68F900FA64A6 /* Debug */ = {
			isa = XCBuildConfiguration;
			buildSettings = {
				CODE_SIGN_STYLE = Automatic;
				CURRENT_PROJECT_VERSION = 1;
				DEVELOPMENT_TEAM = FWP5U4B3MT;
				GENERATE_INFOPLIST_FILE = YES;
				MARKETING_VERSION = 1.0;
				PRODUCT_BUNDLE_IDENTIFIER = com.dwgsoftware.TreeLightsMobileUITests;
				PRODUCT_NAME = "$(TARGET_NAME)";
				SWIFT_EMIT_LOC_STRINGS = NO;
				SWIFT_VERSION = 5.0;
				TARGETED_DEVICE_FAMILY = "1,2";
				TEST_TARGET_NAME = TreeLightsMobile;
			};
			name = Debug;
		};
		AB7D3CED2DCA68F900FA64A6 /* Release */ = {
			isa = XCBuildConfiguration;
			buildSettings = {
				CODE_SIGN_STYLE = Automatic;
				CURRENT_PROJECT_VERSION = 1;
				DEVELOPMENT_TEAM = FWP5U4B3MT;
				GENERATE_INFOPLIST_FILE = YES;
				MARKETING_VERSION = 1.0;
				PRODUCT_BUNDLE_IDENTIFIER = com.dwgsoftware.TreeLightsMobileUITests;
				PRODUCT_NAME = "$(TARGET_NAME)";
				SWIFT_EMIT_LOC_STRINGS = NO;
				SWIFT_VERSION = 5.0;
				TARGETED_DEVICE_FAMILY = "1,2";
				TEST_TARGET_NAME = TreeLightsMobile;
			};
			name = Release;
		};
/* End XCBuildConfiguration section */

/* Begin XCConfigurationList section */
		AB7D3CBF2DCA68F700FA64A6 /* Build configuration list for PBXProject "TreeLightsMobile" */ = {
			isa = XCConfigurationList;
			buildConfigurations = (
				AB7D3CE32DCA68F900FA64A6 /* Debug */,
				AB7D3CE42DCA68F900FA64A6 /* Release */,
			);
			defaultConfigurationIsVisible = 0;
			defaultConfigurationName = Release;
		};
		AB7D3CE52DCA68F900FA64A6 /* Build configuration list for PBXNativeTarget "TreeLightsMobile" */ = {
			isa = XCConfigurationList;
			buildConfigurations = (
				AB7D3CE62DCA68F900FA64A6 /* Debug */,
				AB7D3CE72DCA68F900FA64A6 /* Release */,
			);
			defaultConfigurationIsVisible = 0;
			defaultConfigurationName = Release;
		};
		AB7D3CE82DCA68F900FA64A6 /* Build configuration list for PBXNativeTarget "TreeLightsMobileTests" */ = {
			isa = XCConfigurationList;
			buildConfigurations = (
				AB7D3CE92DCA68F900FA64A6 /* Debug */,
				AB7D3CEA2DCA68F900FA64A6 /* Release */,
			);
			defaultConfigurationIsVisible = 0;
			defaultConfigurationName = Release;
		};
		AB7D3CEB2DCA68F900FA64A6 /* Build configuration list for PBXNativeTarget "TreeLightsMobileUITests" */ = {
			isa = XCConfigurationList;
			buildConfigurations = (
				AB7D3CEC2DCA68F900FA64A6 /* Debug */,
				AB7D3CED2DCA68F900FA64A6 /* Release */,
			);
			defaultConfigurationIsVisible = 0;
			defaultConfigurationName = Release;
		};
/* End XCConfigurationList section */
	};
	rootObject = AB7D3CBC2DCA68F700FA64A6 /* Project object */;
}
